
Microsoft Visual Studio Solution File, Format Version 12.00
# Visual Studio Version 17
VisualStudioVersion = 17.0.32112.339
MinimumVisualStudioVersion = 10.0.40219.1
Project("{9A19103F-16F7-4668-BE54-9A1E7A4F7556}") = "CrestfallenTLWBackend", "CrestfallenTLWBackend\CrestfallenTLWBackend.csproj", "{570C3E88-8AF7-4047-9558-F0389C72E3C3}"
EndProject
Project("{9A19103F-16F7-4668-BE54-9A1E7A4F7556}") = "CrestfallenCore", "CrestfallenCore\CrestfallenCore.csproj", "{526E8D4C-2DB2-4C6B-8049-CE134BAFD2A5}"
EndProject
Global
	GlobalSection(SolutionConfigurationPlatforms) = preSolution
		Debug|Any CPU = Debug|Any CPU
		Release|Any CPU = Release|Any CPU
	EndGlobalSection
	GlobalSection(ProjectConfigurationPlatforms) = postSolution
		{570C3E88-8AF7-4047-9558-F0389C72E3C3}.Debug|Any CPU.ActiveCfg = Debug|Any CPU
		{570C3E88-8AF7-4047-9558-F0389C72E3C3}.Debug|Any CPU.Build.0 = Debug|Any CPU
		{570C3E88-8AF7-4047-9558-F0389C72E3C3}.Release|Any CPU.ActiveCfg = Release|Any CPU
		{570C3E88-8AF7-4047-9558-F0389C72E3C3}.Release|Any CPU.Build.0 = Release|Any CPU
		{526E8D4C-2DB2-4C6B-8049-CE134BAFD2A5}.Debug|Any CPU.ActiveCfg = Debug|Any CPU
		{526E8D4C-2DB2-4C6B-8049-CE134BAFD2A5}.Debug|Any CPU.Build.0 = Debug|Any CPU
		{526E8D4C-2DB2-4C6B-8049-CE134BAFD2A5}.Release|Any CPU.ActiveCfg = Release|Any CPU
		{526E8D4C-2DB2-4C6B-8049-CE134BAFD2A5}.Release|Any CPU.Build.0 = Release|Any CPU
	EndGlobalSection
	GlobalSection(SolutionProperties) = preSolution
		HideSolutionNode = FALSE
	EndGlobalSection
	GlobalSection(ExtensibilityGlobals) = postSolution
		SolutionGuid = {C7762E70-5BE4-4757-B81D-532E174B4A04}
	EndGlobalSection
EndGlobal
